{
  "version": 4,
  "terraform_version": "1.3.8",
  "serial": 39,
  "lineage": "4baba9f9-8742-3367-d522-11a46df4ccf8",
  "outputs": {
    "object_id": {
      "value": "20070786-f03a-4a7d-8ceb-450ad19fa446",
      "type": "string"
    }
  },
  "resources": [
    {
      "mode": "data",
      "type": "azuread_service_principal",
      "name": "ermetic",
      "provider": "provider[\"registry.terraform.io/hashicorp/azuread\"]",
      "instances": [
        {
          "schema_version": 0,
          "attributes": {
            "account_enabled": true,
            "alternative_names": [],
            "app_role_assignment_required": false,
            "app_role_ids": {},
            "app_roles": [],
            "application_id": "d4bba84d-36bf-42d3-b453-5bdd005ec6b0",
            "application_tenant_id": "4ba08abc-b3c3-4bdd-a4bc-5cb416d2404a",
            "description": "",
            "display_name": "Ermetic App",
            "feature_tags": [
              {
                "custom_single_sign_on": false,
                "enterprise": false,
                "gallery": false,
                "hide": false
              }
            ],
            "features": [
              {
                "custom_single_sign_on_app": false,
                "enterprise_application": false,
                "gallery_application": false,
                "visible_to_users": true
              }
            ],
            "homepage_url": "https://us.app.ermetic.com",
            "id": "20070786-f03a-4a7d-8ceb-450ad19fa446",
            "login_url": "",
            "logout_url": "",
            "notes": "",
            "notification_email_addresses": [],
            "oauth2_permission_scope_ids": {},
            "oauth2_permission_scopes": [],
            "object_id": "20070786-f03a-4a7d-8ceb-450ad19fa446",
            "preferred_single_sign_on_mode": "",
            "redirect_uris": [
              "https://ca1.app.ermetic.com/api/tenant/processAadConsentCallback",
              "https://ca.app.ermetic.com/api/tenant/processAadConsentCallback",
              "https://uk1.app.ermetic.com/api/tenant/processAadConsentCallback",
              "https://uk.app.ermetic.com/api/tenant/processAadConsentCallback",
              "https://us2.stg.app.ermetic.com/api/tenant/processAadConsentCallback",
              "https://us1.app.ermetic.com/api/tenant/processAadConsentCallback",
              "https://us.app.ermetic.com/api/tenant/processAadConsentCallback",
              "https://us1.stg.app.ermetic.com/api/tenant/processAadConsentCallback",
              "https://eu.app.ermetic.com/api/tenant/processAadConsentCallback",
              "https://eu1.app.ermetic.com/api/tenant/processAadConsentCallback",
              "https://eu.app.ermetic.com/api/authentication/aad/system/customer/callback",
              "https://eu1.app.ermetic.com/api/authentication/aad/system/customer/callback",
              "https://us.app.ermetic.com/api/authentication/aad/system/customer/callback",
              "https://us1.app.ermetic.com/api/authentication/aad/system/customer/callback",
              "https://uk.app.ermetic.com/api/authentication/aad/system/customer/callback",
              "https://uk1.app.ermetic.com/api/authentication/aad/system/customer/callback",
              "https://ca.app.ermetic.com/api/authentication/aad/system/customer/callback",
              "https://ca1.app.ermetic.com/api/authentication/aad/system/customer/callback",
              "https://us1.stg.app.ermetic.com/api/authentication/aad/system/customer/callback",
              "https://us2.stg.app.ermetic.com/api/authentication/aad/system/customer/callback",
              "https://us101.app.ermetic.com/api/authentication/aad/system/customer/callback",
              "https://us101.app.ermetic.com/api/tenant/processAadConsentCallback",
              "https://jefferies.app.ermetic.com/api/tenant/processAadConsentCallback",
              "https://jefferies.app.ermetic.com/api/authentication/aad/system/customer/callback",
              "https://kr1.app.ermetic.com/api/authentication/aad/system/customer/callback",
              "https://kr.app.ermetic.com/api/authentication/aad/system/customer/callback",
              "https://kr.app.ermetic.com/api/tenant/processAadConsentCallback",
              "https://kr1.app.ermetic.com/api/tenant/processAadConsentCallback",
              "https://eu101.app.ermetic.com/api/tenant/processAadConsentCallback",
              "https://poc.app.ermetic.com/api/tenant/processAadConsentCallback",
              "https://poc.app.ermetic.com/api/authentication/aad/system/customer/callback",
              "https://eu101.app.ermetic.com/api/authentication/aad/system/customer/callback"
            ],
            "saml_metadata_url": "",
            "saml_single_sign_on": [
              {
                "relay_state": ""
              }
            ],
            "service_principal_names": [],
            "sign_in_audience": "AzureADMultipleOrgs",
            "tags": [],
            "timeouts": null,
            "type": "Application"
          },
          "sensitive_attributes": []
        }
      ]
    },
    {
      "mode": "data",
      "type": "azurerm_client_config",
      "name": "ermetic_config",
      "provider": "provider[\"registry.terraform.io/hashicorp/azurerm\"]",
      "instances": [
        {
          "schema_version": 0,
          "attributes": {
            "client_id": "04b07795-8ddb-461a-bbee-02f9e1bf7b46",
            "id": "Y2xpZW50Q29uZmlncy9jbGllbnRJZD0wNGIwNzc5NS04ZGRiLTQ2MWEtYmJlZS0wMmY5ZTFiZjdiNDY7b2JqZWN0SWQ9MjA3NDU1MGMtMWMwMy00MmNlLTg0NjctNzM1YTdmMjU3NjA2O3N1YnNjcmlwdGlvbklkPWI3YWRjNzNiLTFhOWUtNGYxYi04YmIxLTBlZDViNzZiYWI0Zjt0ZW5hbnRJZD1hNjAxNDgwNS05OTRkLTQ1ZTgtOThlZi0zMDZhN2UyZTIxMzk=",
            "object_id": "2074550c-1c03-42ce-8467-735a7f257606",
            "subscription_id": "b7adc73b-1a9e-4f1b-8bb1-0ed5b76bab4f",
            "tenant_id": "a6014805-994d-45e8-98ef-306a7e2e2139",
            "timeouts": null
          },
          "sensitive_attributes": []
        }
      ]
    },
    {
      "mode": "data",
      "type": "azurerm_subscription",
      "name": "sub",
      "provider": "provider[\"registry.terraform.io/hashicorp/azurerm\"]",
      "instances": [
        {
          "index_key": "EgydeLZ-app",
          "schema_version": 0,
          "attributes": {
            "display_name": "EgydeLZ-app",
            "id": "/subscriptions/8f526bff-c0f9-4564-98e8-9dae6d6d2951",
            "location_placement_id": "Public_2014-09-01",
            "quota_id": "PayAsYouGo_2014-09-01",
            "spending_limit": "Off",
            "state": "Enabled",
            "subscription_id": "8f526bff-c0f9-4564-98e8-9dae6d6d2951",
            "tags": {},
            "tenant_id": "a6014805-994d-45e8-98ef-306a7e2e2139",
            "timeouts": null
          },
          "sensitive_attributes": []
        },
        {
          "index_key": "kpmg-egyde-lab-01",
          "schema_version": 0,
          "attributes": {
            "display_name": "kpmg-egyde-lab-01",
            "id": "/subscriptions/b7adc73b-1a9e-4f1b-8bb1-0ed5b76bab4f",
            "location_placement_id": "Public_2014-09-01",
            "quota_id": "PayAsYouGo_2014-09-01",
            "spending_limit": "Off",
            "state": "Enabled",
            "subscription_id": "b7adc73b-1a9e-4f1b-8bb1-0ed5b76bab4f",
            "tags": {},
            "tenant_id": "a6014805-994d-45e8-98ef-306a7e2e2139",
            "timeouts": null
          },
          "sensitive_attributes": []
        }
      ]
    },
    {
      "mode": "data",
      "type": "azurerm_subscriptions",
      "name": "available",
      "provider": "provider[\"registry.terraform.io/hashicorp/azurerm\"]",
      "instances": [
        {
          "schema_version": 0,
          "attributes": {
            "display_name_contains": null,
            "display_name_prefix": null,
            "id": "subscriptions-a6014805-994d-45e8-98ef-306a7e2e2139",
            "subscriptions": [
              {
                "display_name": "kpmg-egyde-lab-01",
                "id": "/subscriptions/b7adc73b-1a9e-4f1b-8bb1-0ed5b76bab4f",
                "location_placement_id": "Public_2014-09-01",
                "quota_id": "PayAsYouGo_2014-09-01",
                "spending_limit": "Off",
                "state": "Enabled",
                "subscription_id": "b7adc73b-1a9e-4f1b-8bb1-0ed5b76bab4f",
                "tags": {},
                "tenant_id": "a6014805-994d-45e8-98ef-306a7e2e2139"
              },
              {
                "display_name": "EgydeLZ-app",
                "id": "/subscriptions/8f526bff-c0f9-4564-98e8-9dae6d6d2951",
                "location_placement_id": "Public_2014-09-01",
                "quota_id": "PayAsYouGo_2014-09-01",
                "spending_limit": "Off",
                "state": "Enabled",
                "subscription_id": "8f526bff-c0f9-4564-98e8-9dae6d6d2951",
                "tags": {},
                "tenant_id": "a6014805-994d-45e8-98ef-306a7e2e2139"
              }
            ],
            "timeouts": null
          },
          "sensitive_attributes": []
        }
      ]
    },
    {
      "mode": "managed",
      "type": "azuread_service_principal",
      "name": "ermetic",
      "provider": "provider[\"registry.terraform.io/hashicorp/azuread\"]",
      "instances": [
        {
          "schema_version": 0,
          "attributes": {
            "account_enabled": true,
            "alternative_names": [],
            "app_role_assignment_required": false,
            "app_role_ids": {},
            "app_roles": [],
            "application_id": "d4bba84d-36bf-42d3-b453-5bdd005ec6b0",
            "application_tenant_id": "4ba08abc-b3c3-4bdd-a4bc-5cb416d2404a",
            "description": "",
            "display_name": "Ermetic App",
            "feature_tags": [
              {
                "custom_single_sign_on": false,
                "enterprise": false,
                "gallery": false,
                "hide": false
              }
            ],
            "features": [
              {
                "custom_single_sign_on_app": false,
                "enterprise_application": false,
                "gallery_application": false,
                "visible_to_users": true
              }
            ],
            "homepage_url": "https://us.app.ermetic.com",
            "id": "20070786-f03a-4a7d-8ceb-450ad19fa446",
            "login_url": "",
            "logout_url": "",
            "notes": "",
            "notification_email_addresses": [],
            "oauth2_permission_scope_ids": {},
            "oauth2_permission_scopes": [],
            "object_id": "20070786-f03a-4a7d-8ceb-450ad19fa446",
            "owners": [],
            "preferred_single_sign_on_mode": "",
            "redirect_uris": [
              "https://ca1.app.ermetic.com/api/tenant/processAadConsentCallback",
              "https://ca.app.ermetic.com/api/tenant/processAadConsentCallback",
              "https://uk1.app.ermetic.com/api/tenant/processAadConsentCallback",
              "https://uk.app.ermetic.com/api/tenant/processAadConsentCallback",
              "https://us2.stg.app.ermetic.com/api/tenant/processAadConsentCallback",
              "https://us1.app.ermetic.com/api/tenant/processAadConsentCallback",
              "https://us.app.ermetic.com/api/tenant/processAadConsentCallback",
              "https://us1.stg.app.ermetic.com/api/tenant/processAadConsentCallback",
              "https://eu.app.ermetic.com/api/tenant/processAadConsentCallback",
              "https://eu1.app.ermetic.com/api/tenant/processAadConsentCallback",
              "https://eu.app.ermetic.com/api/authentication/aad/system/customer/callback",
              "https://eu1.app.ermetic.com/api/authentication/aad/system/customer/callback",
              "https://us.app.ermetic.com/api/authentication/aad/system/customer/callback",
              "https://us1.app.ermetic.com/api/authentication/aad/system/customer/callback",
              "https://uk.app.ermetic.com/api/authentication/aad/system/customer/callback",
              "https://uk1.app.ermetic.com/api/authentication/aad/system/customer/callback",
              "https://ca.app.ermetic.com/api/authentication/aad/system/customer/callback",
              "https://ca1.app.ermetic.com/api/authentication/aad/system/customer/callback",
              "https://us1.stg.app.ermetic.com/api/authentication/aad/system/customer/callback",
              "https://us2.stg.app.ermetic.com/api/authentication/aad/system/customer/callback",
              "https://us101.app.ermetic.com/api/authentication/aad/system/customer/callback",
              "https://us101.app.ermetic.com/api/tenant/processAadConsentCallback",
              "https://jefferies.app.ermetic.com/api/tenant/processAadConsentCallback",
              "https://jefferies.app.ermetic.com/api/authentication/aad/system/customer/callback",
              "https://kr1.app.ermetic.com/api/authentication/aad/system/customer/callback",
              "https://kr.app.ermetic.com/api/authentication/aad/system/customer/callback",
              "https://kr.app.ermetic.com/api/tenant/processAadConsentCallback",
              "https://kr1.app.ermetic.com/api/tenant/processAadConsentCallback",
              "https://eu101.app.ermetic.com/api/tenant/processAadConsentCallback",
              "https://poc.app.ermetic.com/api/tenant/processAadConsentCallback",
              "https://poc.app.ermetic.com/api/authentication/aad/system/customer/callback",
              "https://eu101.app.ermetic.com/api/authentication/aad/system/customer/callback"
            ],
            "saml_metadata_url": "",
            "saml_single_sign_on": [
              {
                "relay_state": ""
              }
            ],
            "service_principal_names": [],
            "sign_in_audience": "AzureADMultipleOrgs",
            "tags": [],
            "timeouts": null,
            "type": "Application",
            "use_existing": true
          },
          "sensitive_attributes": [],
          "private": "eyJlMmJmYjczMC1lY2FhLTExZTYtOGY4OC0zNDM2M2JjN2M0YzAiOnsiY3JlYXRlIjo2MDAwMDAwMDAwMDAsImRlbGV0ZSI6MzAwMDAwMDAwMDAwLCJyZWFkIjozMDAwMDAwMDAwMDAsInVwZGF0ZSI6NjAwMDAwMDAwMDAwfX0=",
          "dependencies": [
            "data.azurerm_client_config.ermetic_config"
          ]
        }
      ]
    },
    {
      "mode": "managed",
      "type": "azurerm_role_assignment",
      "name": "ermetic_assignment_1",
      "provider": "provider[\"registry.terraform.io/hashicorp/azurerm\"]",
      "instances": [
        {
          "index_key": "EgydeLZ-app",
          "schema_version": 0,
          "attributes": {
            "condition": "",
            "condition_version": "",
            "delegated_managed_identity_resource_id": "",
            "description": "",
            "id": "/subscriptions/8f526bff-c0f9-4564-98e8-9dae6d6d2951/providers/Microsoft.Authorization/roleAssignments/8bef24bc-302d-ca8a-c20b-deb23441cffa",
            "name": "8bef24bc-302d-ca8a-c20b-deb23441cffa",
            "principal_id": "20070786-f03a-4a7d-8ceb-450ad19fa446",
            "principal_type": "ServicePrincipal",
            "role_definition_id": "/subscriptions/8f526bff-c0f9-4564-98e8-9dae6d6d2951/providers/Microsoft.Authorization/roleDefinitions/acdd72a7-3385-48ef-bd42-f606fba81ae7",
            "role_definition_name": "Reader",
            "scope": "/subscriptions/8f526bff-c0f9-4564-98e8-9dae6d6d2951",
            "skip_service_principal_aad_check": null,
            "timeouts": null
          },
          "sensitive_attributes": [],
          "private": "eyJlMmJmYjczMC1lY2FhLTExZTYtOGY4OC0zNDM2M2JjN2M0YzAiOnsiY3JlYXRlIjoxODAwMDAwMDAwMDAwLCJkZWxldGUiOjE4MDAwMDAwMDAwMDAsInJlYWQiOjMwMDAwMDAwMDAwMCwidXBkYXRlIjoxODAwMDAwMDAwMDAwfX0=",
          "dependencies": [
            "azuread_service_principal.ermetic",
            "data.azuread_service_principal.ermetic",
            "data.azurerm_client_config.ermetic_config",
            "data.azurerm_subscriptions.available"
          ]
        },
        {
          "index_key": "kpmg-egyde-lab-01",
          "schema_version": 0,
          "attributes": {
            "condition": "",
            "condition_version": "",
            "delegated_managed_identity_resource_id": "",
            "description": "",
            "id": "/subscriptions/b7adc73b-1a9e-4f1b-8bb1-0ed5b76bab4f/providers/Microsoft.Authorization/roleAssignments/37ae311c-4024-7a19-1b40-3c7f20e20063",
            "name": "37ae311c-4024-7a19-1b40-3c7f20e20063",
            "principal_id": "20070786-f03a-4a7d-8ceb-450ad19fa446",
            "principal_type": "ServicePrincipal",
            "role_definition_id": "/subscriptions/b7adc73b-1a9e-4f1b-8bb1-0ed5b76bab4f/providers/Microsoft.Authorization/roleDefinitions/acdd72a7-3385-48ef-bd42-f606fba81ae7",
            "role_definition_name": "Reader",
            "scope": "/subscriptions/b7adc73b-1a9e-4f1b-8bb1-0ed5b76bab4f",
            "skip_service_principal_aad_check": null,
            "timeouts": null
          },
          "sensitive_attributes": [],
          "private": "eyJlMmJmYjczMC1lY2FhLTExZTYtOGY4OC0zNDM2M2JjN2M0YzAiOnsiY3JlYXRlIjoxODAwMDAwMDAwMDAwLCJkZWxldGUiOjE4MDAwMDAwMDAwMDAsInJlYWQiOjMwMDAwMDAwMDAwMCwidXBkYXRlIjoxODAwMDAwMDAwMDAwfX0=",
          "dependencies": [
            "azuread_service_principal.ermetic",
            "data.azuread_service_principal.ermetic",
            "data.azurerm_client_config.ermetic_config",
            "data.azurerm_subscriptions.available"
          ]
        }
      ]
    },
    {
      "mode": "managed",
      "type": "azurerm_role_assignment",
      "name": "ermetic_assignment_2",
      "provider": "provider[\"registry.terraform.io/hashicorp/azurerm\"]",
      "instances": [
        {
          "index_key": "EgydeLZ-app",
          "schema_version": 0,
          "attributes": {
            "condition": "",
            "condition_version": "",
            "delegated_managed_identity_resource_id": "",
            "description": "",
            "id": "/subscriptions/8f526bff-c0f9-4564-98e8-9dae6d6d2951/providers/Microsoft.Authorization/roleAssignments/8bb5770a-31d9-a712-cad4-2c0b0a3e3b46",
            "name": "8bb5770a-31d9-a712-cad4-2c0b0a3e3b46",
            "principal_id": "20070786-f03a-4a7d-8ceb-450ad19fa446",
            "principal_type": "ServicePrincipal",
            "role_definition_id": "/subscriptions/8f526bff-c0f9-4564-98e8-9dae6d6d2951/providers/Microsoft.Authorization/roleDefinitions/21090545-7ca7-4776-b22c-e363652d74d2",
            "role_definition_name": "Key Vault Reader",
            "scope": "/subscriptions/8f526bff-c0f9-4564-98e8-9dae6d6d2951",
            "skip_service_principal_aad_check": null,
            "timeouts": null
          },
          "sensitive_attributes": [],
          "private": "eyJlMmJmYjczMC1lY2FhLTExZTYtOGY4OC0zNDM2M2JjN2M0YzAiOnsiY3JlYXRlIjoxODAwMDAwMDAwMDAwLCJkZWxldGUiOjE4MDAwMDAwMDAwMDAsInJlYWQiOjMwMDAwMDAwMDAwMCwidXBkYXRlIjoxODAwMDAwMDAwMDAwfX0=",
          "dependencies": [
            "azuread_service_principal.ermetic",
            "data.azuread_service_principal.ermetic",
            "data.azurerm_client_config.ermetic_config",
            "data.azurerm_subscriptions.available"
          ]
        },
        {
          "index_key": "kpmg-egyde-lab-01",
          "schema_version": 0,
          "attributes": {
            "condition": "",
            "condition_version": "",
            "delegated_managed_identity_resource_id": "",
            "description": "",
            "id": "/subscriptions/b7adc73b-1a9e-4f1b-8bb1-0ed5b76bab4f/providers/Microsoft.Authorization/roleAssignments/4f4c035d-69aa-0e1a-3436-707b507ab866",
            "name": "4f4c035d-69aa-0e1a-3436-707b507ab866",
            "principal_id": "20070786-f03a-4a7d-8ceb-450ad19fa446",
            "principal_type": "ServicePrincipal",
            "role_definition_id": "/subscriptions/b7adc73b-1a9e-4f1b-8bb1-0ed5b76bab4f/providers/Microsoft.Authorization/roleDefinitions/21090545-7ca7-4776-b22c-e363652d74d2",
            "role_definition_name": "Key Vault Reader",
            "scope": "/subscriptions/b7adc73b-1a9e-4f1b-8bb1-0ed5b76bab4f",
            "skip_service_principal_aad_check": null,
            "timeouts": null
          },
          "sensitive_attributes": [],
          "private": "eyJlMmJmYjczMC1lY2FhLTExZTYtOGY4OC0zNDM2M2JjN2M0YzAiOnsiY3JlYXRlIjoxODAwMDAwMDAwMDAwLCJkZWxldGUiOjE4MDAwMDAwMDAwMDAsInJlYWQiOjMwMDAwMDAwMDAwMCwidXBkYXRlIjoxODAwMDAwMDAwMDAwfX0=",
          "dependencies": [
            "azuread_service_principal.ermetic",
            "data.azuread_service_principal.ermetic",
            "data.azurerm_client_config.ermetic_config",
            "data.azurerm_subscriptions.available"
          ]
        }
      ]
    },
    {
      "mode": "managed",
      "type": "azurerm_role_assignment",
      "name": "ermetic_assignment_3",
      "provider": "provider[\"registry.terraform.io/hashicorp/azurerm\"]",
      "instances": [
        {
          "index_key": "EgydeLZ-app",
          "schema_version": 0,
          "attributes": {
            "condition": "",
            "condition_version": "",
            "delegated_managed_identity_resource_id": "",
            "description": "",
            "id": "/subscriptions/8f526bff-c0f9-4564-98e8-9dae6d6d2951/providers/Microsoft.Authorization/roleAssignments/55a23cbb-bcfc-8f7c-d75d-be5cc73f8914",
            "name": "55a23cbb-bcfc-8f7c-d75d-be5cc73f8914",
            "principal_id": "20070786-f03a-4a7d-8ceb-450ad19fa446",
            "principal_type": "ServicePrincipal",
            "role_definition_id": "/subscriptions/8f526bff-c0f9-4564-98e8-9dae6d6d2951/providers/Microsoft.Authorization/roleDefinitions/4abbcc35-e782-43d8-92c5-2d3f1bd2253f",
            "role_definition_name": "Azure Kubernetes Service Cluster User Role",
            "scope": "/subscriptions/8f526bff-c0f9-4564-98e8-9dae6d6d2951",
            "skip_service_principal_aad_check": null,
            "timeouts": null
          },
          "sensitive_attributes": [],
          "private": "eyJlMmJmYjczMC1lY2FhLTExZTYtOGY4OC0zNDM2M2JjN2M0YzAiOnsiY3JlYXRlIjoxODAwMDAwMDAwMDAwLCJkZWxldGUiOjE4MDAwMDAwMDAwMDAsInJlYWQiOjMwMDAwMDAwMDAwMCwidXBkYXRlIjoxODAwMDAwMDAwMDAwfX0=",
          "dependencies": [
            "data.azuread_service_principal.ermetic",
            "data.azurerm_client_config.ermetic_config",
            "data.azurerm_subscriptions.available"
          ]
        },
        {
          "index_key": "kpmg-egyde-lab-01",
          "schema_version": 0,
          "attributes": {
            "condition": "",
            "condition_version": "",
            "delegated_managed_identity_resource_id": "",
            "description": "",
            "id": "/subscriptions/b7adc73b-1a9e-4f1b-8bb1-0ed5b76bab4f/providers/Microsoft.Authorization/roleAssignments/f137eff2-c24f-f048-4b7b-56ac4887bd2f",
            "name": "f137eff2-c24f-f048-4b7b-56ac4887bd2f",
            "principal_id": "20070786-f03a-4a7d-8ceb-450ad19fa446",
            "principal_type": "ServicePrincipal",
            "role_definition_id": "/subscriptions/b7adc73b-1a9e-4f1b-8bb1-0ed5b76bab4f/providers/Microsoft.Authorization/roleDefinitions/4abbcc35-e782-43d8-92c5-2d3f1bd2253f",
            "role_definition_name": "Azure Kubernetes Service Cluster User Role",
            "scope": "/subscriptions/b7adc73b-1a9e-4f1b-8bb1-0ed5b76bab4f",
            "skip_service_principal_aad_check": null,
            "timeouts": null
          },
          "sensitive_attributes": [],
          "private": "eyJlMmJmYjczMC1lY2FhLTExZTYtOGY4OC0zNDM2M2JjN2M0YzAiOnsiY3JlYXRlIjoxODAwMDAwMDAwMDAwLCJkZWxldGUiOjE4MDAwMDAwMDAwMDAsInJlYWQiOjMwMDAwMDAwMDAwMCwidXBkYXRlIjoxODAwMDAwMDAwMDAwfX0=",
          "dependencies": [
            "data.azuread_service_principal.ermetic",
            "data.azurerm_client_config.ermetic_config",
            "data.azurerm_subscriptions.available"
          ]
        }
      ]
    },
    {
      "mode": "managed",
      "type": "azurerm_role_assignment",
      "name": "ermetic_assignment_4",
      "provider": "provider[\"registry.terraform.io/hashicorp/azurerm\"]",
      "instances": [
        {
          "index_key": "EgydeLZ-app",
          "schema_version": 0,
          "attributes": {
            "condition": "",
            "condition_version": "",
            "delegated_managed_identity_resource_id": "",
            "description": "",
            "id": "/subscriptions/8f526bff-c0f9-4564-98e8-9dae6d6d2951/providers/Microsoft.Authorization/roleAssignments/66d2e2ff-edb8-7e85-dfd9-056cc21d52a2",
            "name": "66d2e2ff-edb8-7e85-dfd9-056cc21d52a2",
            "principal_id": "20070786-f03a-4a7d-8ceb-450ad19fa446",
            "principal_type": "ServicePrincipal",
            "role_definition_id": "/subscriptions/8f526bff-c0f9-4564-98e8-9dae6d6d2951/providers/Microsoft.Authorization/roleDefinitions/7f6c6a51-bcf8-42ba-9220-52d62157d7db",
            "role_definition_name": "Azure Kubernetes Service RBAC Reader",
            "scope": "/subscriptions/8f526bff-c0f9-4564-98e8-9dae6d6d2951",
            "skip_service_principal_aad_check": null,
            "timeouts": null
          },
          "sensitive_attributes": [],
          "private": "eyJlMmJmYjczMC1lY2FhLTExZTYtOGY4OC0zNDM2M2JjN2M0YzAiOnsiY3JlYXRlIjoxODAwMDAwMDAwMDAwLCJkZWxldGUiOjE4MDAwMDAwMDAwMDAsInJlYWQiOjMwMDAwMDAwMDAwMCwidXBkYXRlIjoxODAwMDAwMDAwMDAwfX0=",
          "dependencies": [
            "data.azuread_service_principal.ermetic",
            "data.azurerm_client_config.ermetic_config",
            "data.azurerm_subscriptions.available"
          ]
        },
        {
          "index_key": "kpmg-egyde-lab-01",
          "schema_version": 0,
          "attributes": {
            "condition": "",
            "condition_version": "",
            "delegated_managed_identity_resource_id": "",
            "description": "",
            "id": "/subscriptions/b7adc73b-1a9e-4f1b-8bb1-0ed5b76bab4f/providers/Microsoft.Authorization/roleAssignments/00221c44-54f9-f7d3-06c9-e4da7bfbd856",
            "name": "00221c44-54f9-f7d3-06c9-e4da7bfbd856",
            "principal_id": "20070786-f03a-4a7d-8ceb-450ad19fa446",
            "principal_type": "ServicePrincipal",
            "role_definition_id": "/subscriptions/b7adc73b-1a9e-4f1b-8bb1-0ed5b76bab4f/providers/Microsoft.Authorization/roleDefinitions/7f6c6a51-bcf8-42ba-9220-52d62157d7db",
            "role_definition_name": "Azure Kubernetes Service RBAC Reader",
            "scope": "/subscriptions/b7adc73b-1a9e-4f1b-8bb1-0ed5b76bab4f",
            "skip_service_principal_aad_check": null,
            "timeouts": null
          },
          "sensitive_attributes": [],
          "private": "eyJlMmJmYjczMC1lY2FhLTExZTYtOGY4OC0zNDM2M2JjN2M0YzAiOnsiY3JlYXRlIjoxODAwMDAwMDAwMDAwLCJkZWxldGUiOjE4MDAwMDAwMDAwMDAsInJlYWQiOjMwMDAwMDAwMDAwMCwidXBkYXRlIjoxODAwMDAwMDAwMDAwfX0=",
          "dependencies": [
            "data.azuread_service_principal.ermetic",
            "data.azurerm_client_config.ermetic_config",
            "data.azurerm_subscriptions.available"
          ]
        }
      ]
    }
  ],
  "check_results": null
}
